
Microsoft Visual Studio Solution File, Format Version 12.00
# Visual Studio Version 16
VisualStudioVersion = 25.0.1705.6
MinimumVisualStudioVersion = 10.0.40219.1
Project("{FAE04EC0-301F-11D3-BF4B-00C04F79EFBC}") = "Report-MS", "Report-MS\Report-MS.csproj", "{73E2FD62-A42B-4E41-B647-16A9DE3C3DF3}"
EndProject
Project("{E53339B2-1760-4266-BCC7-CA923CBCF16C}") = "docker-compose", "docker-compose.dcproj", "{526890D5-1FD7-4AB4-BC91-5E327B615C2A}"
EndProject
Global
	GlobalSection(SolutionConfigurationPlatforms) = preSolution
		Debug|Any CPU = Debug|Any CPU
		Release|Any CPU = Release|Any CPU
	EndGlobalSection
	GlobalSection(ProjectConfigurationPlatforms) = postSolution
		{73E2FD62-A42B-4E41-B647-16A9DE3C3DF3}.Debug|Any CPU.ActiveCfg = Debug|Any CPU
		{73E2FD62-A42B-4E41-B647-16A9DE3C3DF3}.Debug|Any CPU.Build.0 = Debug|Any CPU
		{73E2FD62-A42B-4E41-B647-16A9DE3C3DF3}.Release|Any CPU.ActiveCfg = Release|Any CPU
		{73E2FD62-A42B-4E41-B647-16A9DE3C3DF3}.Release|Any CPU.Build.0 = Release|Any CPU
		{526890D5-1FD7-4AB4-BC91-5E327B615C2A}.Debug|Any CPU.ActiveCfg = Debug|Any CPU
		{526890D5-1FD7-4AB4-BC91-5E327B615C2A}.Debug|Any CPU.Build.0 = Debug|Any CPU
		{526890D5-1FD7-4AB4-BC91-5E327B615C2A}.Release|Any CPU.ActiveCfg = Release|Any CPU
		{526890D5-1FD7-4AB4-BC91-5E327B615C2A}.Release|Any CPU.Build.0 = Release|Any CPU
	EndGlobalSection
	GlobalSection(SolutionProperties) = preSolution
		HideSolutionNode = FALSE
	EndGlobalSection
	GlobalSection(ExtensibilityGlobals) = postSolution
		SolutionGuid = {54D33413-6C40-4B75-840C-DFF62760B69C}
	EndGlobalSection
EndGlobal
